# This file is automatically @generated by Cargo.
# It is not intended for manual editing.
version = 4

[[package]]
name = "barquest-core"
version = "0.1.0"

[[package]]
name = "barquest-tools"
version = "0.1.0"
dependencies = [
 "barquest-core",
]

[[package]]
name = "barquest-tui"
version = "0.1.0"
dependencies = [
 "barquest-core",
]
